// !$*UTF8*$!
{
	archiveVersion = 1;
	classes = {
	};
	objectVersion = 50;
	objects = {

/* Begin PBXBuildFile section */
		FB06581523651B080008D718 /* Result.swift in Sources */ = {isa = PBXBuildFile; fileRef = FB06581423651B080008D718 /* Result.swift */; };
		FB09473B2311E06200E1E5AC /* AppDelegate.swift in Sources */ = {isa = PBXBuildFile; fileRef = FB09473A2311E06200E1E5AC /* AppDelegate.swift */; };
		FB09473D2311E06200E1E5AC /* ViewController.swift in Sources */ = {isa = PBXBuildFile; fileRef = FB09473C2311E06200E1E5AC /* ViewController.swift */; };
		FB0947402311E06200E1E5AC /* Main.storyboard in Resources */ = {isa = PBXBuildFile; fileRef = FB09473E2311E06200E1E5AC /* Main.storyboard */; };
		FB0947422311E06300E1E5AC /* Assets.xcassets in Resources */ = {isa = PBXBuildFile; fileRef = FB0947412311E06300E1E5AC /* Assets.xcassets */; };
		FB0947452311E06300E1E5AC /* LaunchScreen.storyboard in Resources */ = {isa = PBXBuildFile; fileRef = FB0947432311E06300E1E5AC /* LaunchScreen.storyboard */; };
		FB09474E2311EE2A00E1E5AC /* Character.swift in Sources */ = {isa = PBXBuildFile; fileRef = FB09474D2311EE2A00E1E5AC /* Character.swift */; };
		FB0947502311EE3700E1E5AC /* Starship.swift in Sources */ = {isa = PBXBuildFile; fileRef = FB09474F2311EE3700E1E5AC /* Starship.swift */; };
		FB0947522311EE4C00E1E5AC /* Planet.swift in Sources */ = {isa = PBXBuildFile; fileRef = FB0947512311EE4C00E1E5AC /* Planet.swift */; };
		FB0947542311F85500E1E5AC /* Vehicle.swift in Sources */ = {isa = PBXBuildFile; fileRef = FB0947532311F85500E1E5AC /* Vehicle.swift */; };
		FB0947592313450A00E1E5AC /* Endpoint.swift in Sources */ = {isa = PBXBuildFile; fileRef = FB0947582313450A00E1E5AC /* Endpoint.swift */; };
		FB09475B231349E900E1E5AC /* StarwarsResource.swift in Sources */ = {isa = PBXBuildFile; fileRef = FB09475A231349E900E1E5AC /* StarwarsResource.swift */; };
		FB09475E23134D1C00E1E5AC /* JSONDownloader.swift in Sources */ = {isa = PBXBuildFile; fileRef = FB09475D23134D1C00E1E5AC /* JSONDownloader.swift */; };
		FB09476123134D3200E1E5AC /* StarwarsError.swift in Sources */ = {isa = PBXBuildFile; fileRef = FB09476023134D3200E1E5AC /* StarwarsError.swift */; };
		FB09476323143EDC00E1E5AC /* StarwarsAPIClient.swift in Sources */ = {isa = PBXBuildFile; fileRef = FB09476223143EDC00E1E5AC /* StarwarsAPIClient.swift */; };
		FB155449234F9E7B007AFE65 /* ConversionRatioError.swift in Sources */ = {isa = PBXBuildFile; fileRef = FB155448234F9E7B007AFE65 /* ConversionRatioError.swift */; };
		FB21B996232B0C5E006631F6 /* NormalTableViewCell.swift in Sources */ = {isa = PBXBuildFile; fileRef = FB21B995232B0C5E006631F6 /* NormalTableViewCell.swift */; };
		FB21B998232B0D4F006631F6 /* ConvertableUnitTableViewCell.swift in Sources */ = {isa = PBXBuildFile; fileRef = FB21B997232B0D4F006631F6 /* ConvertableUnitTableViewCell.swift */; };
		FB21B99C232C1AD2006631F6 /* NormalCellViewModel.swift in Sources */ = {isa = PBXBuildFile; fileRef = FB21B99B232C1AD2006631F6 /* NormalCellViewModel.swift */; };
		FB21B99E232C2613006631F6 /* ConvertableCellViewModel.swift in Sources */ = {isa = PBXBuildFile; fileRef = FB21B99D232C2613006631F6 /* ConvertableCellViewModel.swift */; };
		FB74B3432339585800BA0870 /* Object.swift in Sources */ = {isa = PBXBuildFile; fileRef = FB74B3422339585800BA0870 /* Object.swift */; };
		FB74B347233AAA7100BA0870 /* StarwarsUnits.swift in Sources */ = {isa = PBXBuildFile; fileRef = FB74B346233AAA7100BA0870 /* StarwarsUnits.swift */; };
		FBDCB019232C4F7C0036FAF5 /* InformationViewController.swift in Sources */ = {isa = PBXBuildFile; fileRef = FBDCB018232C4F7C0036FAF5 /* InformationViewController.swift */; };
/* End PBXBuildFile section */

/* Begin PBXFileReference section */
		FB06581423651B080008D718 /* Result.swift */ = {isa = PBXFileReference; lastKnownFileType = sourcecode.swift; path = Result.swift; sourceTree = "<group>"; };
		FB0947372311E06200E1E5AC /* StarwarsAPI-TD-6.app */ = {isa = PBXFileReference; explicitFileType = wrapper.application; includeInIndex = 0; path = "StarwarsAPI-TD-6.app"; sourceTree = BUILT_PRODUCTS_DIR; };
		FB09473A2311E06200E1E5AC /* AppDelegate.swift */ = {isa = PBXFileReference; lastKnownFileType = sourcecode.swift; path = AppDelegate.swift; sourceTree = "<group>"; };
		FB09473C2311E06200E1E5AC /* ViewController.swift */ = {isa = PBXFileReference; lastKnownFileType = sourcecode.swift; path = ViewController.swift; sourceTree = "<group>"; };
		FB09473F2311E06200E1E5AC /* Base */ = {isa = PBXFileReference; lastKnownFileType = file.storyboard; name = Base; path = Base.lproj/Main.storyboard; sourceTree = "<group>"; };
		FB0947412311E06300E1E5AC /* Assets.xcassets */ = {isa = PBXFileReference; lastKnownFileType = folder.assetcatalog; path = Assets.xcassets; sourceTree = "<group>"; };
		FB0947442311E06300E1E5AC /* Base */ = {isa = PBXFileReference; lastKnownFileType = file.storyboard; name = Base; path = Base.lproj/LaunchScreen.storyboard; sourceTree = "<group>"; };
		FB0947462311E06300E1E5AC /* Info.plist */ = {isa = PBXFileReference; lastKnownFileType = text.plist.xml; path = Info.plist; sourceTree = "<group>"; };
		FB09474D2311EE2A00E1E5AC /* Character.swift */ = {isa = PBXFileReference; lastKnownFileType = sourcecode.swift; path = Character.swift; sourceTree = "<group>"; };
		FB09474F2311EE3700E1E5AC /* Starship.swift */ = {isa = PBXFileReference; lastKnownFileType = sourcecode.swift; path = Starship.swift; sourceTree = "<group>"; };
		FB0947512311EE4C00E1E5AC /* Planet.swift */ = {isa = PBXFileReference; lastKnownFileType = sourcecode.swift; path = Planet.swift; sourceTree = "<group>"; };
		FB0947532311F85500E1E5AC /* Vehicle.swift */ = {isa = PBXFileReference; lastKnownFileType = sourcecode.swift; path = Vehicle.swift; sourceTree = "<group>"; };
		FB0947582313450A00E1E5AC /* Endpoint.swift */ = {isa = PBXFileReference; lastKnownFileType = sourcecode.swift; path = Endpoint.swift; sourceTree = "<group>"; };
		FB09475A231349E900E1E5AC /* StarwarsResource.swift */ = {isa = PBXFileReference; lastKnownFileType = sourcecode.swift; path = StarwarsResource.swift; sourceTree = "<group>"; };
		FB09475D23134D1C00E1E5AC /* JSONDownloader.swift */ = {isa = PBXFileReference; lastKnownFileType = sourcecode.swift; path = JSONDownloader.swift; sourceTree = "<group>"; };
		FB09476023134D3200E1E5AC /* StarwarsError.swift */ = {isa = PBXFileReference; lastKnownFileType = sourcecode.swift; path = StarwarsError.swift; sourceTree = "<group>"; };
		FB09476223143EDC00E1E5AC /* StarwarsAPIClient.swift */ = {isa = PBXFileReference; lastKnownFileType = sourcecode.swift; path = StarwarsAPIClient.swift; sourceTree = "<group>"; };
		FB155448234F9E7B007AFE65 /* ConversionRatioError.swift */ = {isa = PBXFileReference; lastKnownFileType = sourcecode.swift; path = ConversionRatioError.swift; sourceTree = "<group>"; };
		FB21B995232B0C5E006631F6 /* NormalTableViewCell.swift */ = {isa = PBXFileReference; lastKnownFileType = sourcecode.swift; path = NormalTableViewCell.swift; sourceTree = "<group>"; };
		FB21B997232B0D4F006631F6 /* ConvertableUnitTableViewCell.swift */ = {isa = PBXFileReference; lastKnownFileType = sourcecode.swift; path = ConvertableUnitTableViewCell.swift; sourceTree = "<group>"; };
		FB21B99B232C1AD2006631F6 /* NormalCellViewModel.swift */ = {isa = PBXFileReference; lastKnownFileType = sourcecode.swift; path = NormalCellViewModel.swift; sourceTree = "<group>"; };
		FB21B99D232C2613006631F6 /* ConvertableCellViewModel.swift */ = {isa = PBXFileReference; lastKnownFileType = sourcecode.swift; path = ConvertableCellViewModel.swift; sourceTree = "<group>"; };
		FB74B3422339585800BA0870 /* Object.swift */ = {isa = PBXFileReference; lastKnownFileType = sourcecode.swift; path = Object.swift; sourceTree = "<group>"; };
		FB74B346233AAA7100BA0870 /* StarwarsUnits.swift */ = {isa = PBXFileReference; lastKnownFileType = sourcecode.swift; path = StarwarsUnits.swift; sourceTree = "<group>"; };
		FBDCB018232C4F7C0036FAF5 /* InformationViewController.swift */ = {isa = PBXFileReference; lastKnownFileType = sourcecode.swift; path = InformationViewController.swift; sourceTree = "<group>"; };
/* End PBXFileReference section */

/* Begin PBXFrameworksBuildPhase section */
		FB0947342311E06200E1E5AC /* Frameworks */ = {
			isa = PBXFrameworksBuildPhase;
			buildActionMask = 2147483647;
			files = (
			);
			runOnlyForDeploymentPostprocessing = 0;
		};
/* End PBXFrameworksBuildPhase section */

/* Begin PBXGroup section */
		FB09472E2311E06200E1E5AC = {
			isa = PBXGroup;
			children = (
				FB0947392311E06200E1E5AC /* StarwarsAPI-TD-6 */,
				FB0947382311E06200E1E5AC /* Products */,
			);
			sourceTree = "<group>";
		};
		FB0947382311E06200E1E5AC /* Products */ = {
			isa = PBXGroup;
			children = (
				FB0947372311E06200E1E5AC /* StarwarsAPI-TD-6.app */,
			);
			name = Products;
			sourceTree = "<group>";
		};
		FB0947392311E06200E1E5AC /* StarwarsAPI-TD-6 */ = {
			isa = PBXGroup;
			children = (
				FB09475C23134CB800E1E5AC /* Networking */,
				FBC857D42327619B005AD59A /* Cells */,
				FBC857D6232761B9005AD59A /* Controllers */,
				FBC857D7232761C9005AD59A /* Views */,
				FB09474C2311EE1300E1E5AC /* Models */,
				FB09473A2311E06200E1E5AC /* AppDelegate.swift */,
				FB09473E2311E06200E1E5AC /* Main.storyboard */,
				FB0947412311E06300E1E5AC /* Assets.xcassets */,
				FB0947432311E06300E1E5AC /* LaunchScreen.storyboard */,
				FB0947462311E06300E1E5AC /* Info.plist */,
			);
			path = "StarwarsAPI-TD-6";
			sourceTree = "<group>";
		};
		FB09474C2311EE1300E1E5AC /* Models */ = {
			isa = PBXGroup;
			children = (
				FB15544A234F9E81007AFE65 /* Errors */,
				FB094757231344FC00E1E5AC /* Endpoint */,
				FB09474D2311EE2A00E1E5AC /* Character.swift */,
				FB09474F2311EE3700E1E5AC /* Starship.swift */,
				FB0947532311F85500E1E5AC /* Vehicle.swift */,
				FB0947512311EE4C00E1E5AC /* Planet.swift */,
				FB74B3422339585800BA0870 /* Object.swift */,
				FB74B346233AAA7100BA0870 /* StarwarsUnits.swift */,
				FB06581423651B080008D718 /* Result.swift */,
			);
			path = Models;
			sourceTree = "<group>";
		};
		FB094757231344FC00E1E5AC /* Endpoint */ = {
			isa = PBXGroup;
			children = (
				FB0947582313450A00E1E5AC /* Endpoint.swift */,
				FB09475A231349E900E1E5AC /* StarwarsResource.swift */,
			);
			path = Endpoint;
			sourceTree = "<group>";
		};
		FB09475C23134CB800E1E5AC /* Networking */ = {
			isa = PBXGroup;
			children = (
				FB09475D23134D1C00E1E5AC /* JSONDownloader.swift */,
				FB09476023134D3200E1E5AC /* StarwarsError.swift */,
				FB09476223143EDC00E1E5AC /* StarwarsAPIClient.swift */,
			);
			path = Networking;
			sourceTree = "<group>";
		};
		FB15544A234F9E81007AFE65 /* Errors */ = {
			isa = PBXGroup;
			children = (
				FB155448234F9E7B007AFE65 /* ConversionRatioError.swift */,
			);
			path = Errors;
			sourceTree = "<group>";
		};
		FBC857D42327619B005AD59A /* Cells */ = {
			isa = PBXGroup;
			children = (
				FB21B99B232C1AD2006631F6 /* NormalCellViewModel.swift */,
				FB21B99D232C2613006631F6 /* ConvertableCellViewModel.swift */,
			);
			path = Cells;
			sourceTree = "<group>";
		};
		FBC857D6232761B9005AD59A /* Controllers */ = {
			isa = PBXGroup;
			children = (
				FB09473C2311E06200E1E5AC /* ViewController.swift */,
				FBDCB018232C4F7C0036FAF5 /* InformationViewController.swift */,
			);
			path = Controllers;
			sourceTree = "<group>";
		};
		FBC857D7232761C9005AD59A /* Views */ = {
			isa = PBXGroup;
			children = (
				FB21B995232B0C5E006631F6 /* NormalTableViewCell.swift */,
				FB21B997232B0D4F006631F6 /* ConvertableUnitTableViewCell.swift */,
			);
			path = Views;
			sourceTree = "<group>";
		};
/* End PBXGroup section */

/* Begin PBXNativeTarget section */
		FB0947362311E06200E1E5AC /* StarwarsAPI-TD-6 */ = {
			isa = PBXNativeTarget;
			buildConfigurationList = FB0947492311E06300E1E5AC /* Build configuration list for PBXNativeTarget "StarwarsAPI-TD-6" */;
			buildPhases = (
				FB0947332311E06200E1E5AC /* Sources */,
				FB0947342311E06200E1E5AC /* Frameworks */,
				FB0947352311E06200E1E5AC /* Resources */,
			);
			buildRules = (
			);
			dependencies = (
			);
			name = "StarwarsAPI-TD-6";
			productName = "StarwarsAPI-TD-6";
			productReference = FB0947372311E06200E1E5AC /* StarwarsAPI-TD-6.app */;
			productType = "com.apple.product-type.application";
		};
/* End PBXNativeTarget section */

/* Begin PBXProject section */
		FB09472F2311E06200E1E5AC /* Project object */ = {
			isa = PBXProject;
			attributes = {
				LastSwiftUpdateCheck = 1030;
				LastUpgradeCheck = 1030;
				ORGANIZATIONNAME = "Andrew Graves";
				TargetAttributes = {
					FB0947362311E06200E1E5AC = {
						CreatedOnToolsVersion = 10.3;
					};
				};
			};
			buildConfigurationList = FB0947322311E06200E1E5AC /* Build configuration list for PBXProject "StarwarsAPI-TD-6" */;
			compatibilityVersion = "Xcode 9.3";
			developmentRegion = en;
			hasScannedForEncodings = 0;
			knownRegions = (
				en,
				Base,
			);
			mainGroup = FB09472E2311E06200E1E5AC;
			productRefGroup = FB0947382311E06200E1E5AC /* Products */;
			projectDirPath = "";
			projectRoot = "";
			targets = (
				FB0947362311E06200E1E5AC /* StarwarsAPI-TD-6 */,
			);
		};
/* End PBXProject section */

/* Begin PBXResourcesBuildPhase section */
		FB0947352311E06200E1E5AC /* Resources */ = {
			isa = PBXResourcesBuildPhase;
			buildActionMask = 2147483647;
			files = (
				FB0947452311E06300E1E5AC /* LaunchScreen.storyboard in Resources */,
				FB0947422311E06300E1E5AC /* Assets.xcassets in Resources */,
				FB0947402311E06200E1E5AC /* Main.storyboard in Resources */,
			);
			runOnlyForDeploymentPostprocessing = 0;
		};
/* End PBXResourcesBuildPhase section */

/* Begin PBXSourcesBuildPhase section */
		FB0947332311E06200E1E5AC /* Sources */ = {
			isa = PBXSourcesBuildPhase;
			buildActionMask = 2147483647;
			files = (
				FB21B996232B0C5E006631F6 /* NormalTableViewCell.swift in Sources */,
				FBDCB019232C4F7C0036FAF5 /* InformationViewController.swift in Sources */,
				FB21B998232B0D4F006631F6 /* ConvertableUnitTableViewCell.swift in Sources */,
				FB09474E2311EE2A00E1E5AC /* Character.swift in Sources */,
				FB74B3432339585800BA0870 /* Object.swift in Sources */,
				FB21B99E232C2613006631F6 /* ConvertableCellViewModel.swift in Sources */,
				FB06581523651B080008D718 /* Result.swift in Sources */,
				FB74B347233AAA7100BA0870 /* StarwarsUnits.swift in Sources */,
				FB09475E23134D1C00E1E5AC /* JSONDownloader.swift in Sources */,
				FB0947592313450A00E1E5AC /* Endpoint.swift in Sources */,
				FB09475B231349E900E1E5AC /* StarwarsResource.swift in Sources */,
				FB09473D2311E06200E1E5AC /* ViewController.swift in Sources */,
				FB0947542311F85500E1E5AC /* Vehicle.swift in Sources */,
				FB21B99C232C1AD2006631F6 /* NormalCellViewModel.swift in Sources */,
				FB09476123134D3200E1E5AC /* StarwarsError.swift in Sources */,
				FB155449234F9E7B007AFE65 /* ConversionRatioError.swift in Sources */,
				FB0947502311EE3700E1E5AC /* Starship.swift in Sources */,
				FB09473B2311E06200E1E5AC /* AppDelegate.swift in Sources */,
				FB09476323143EDC00E1E5AC /* StarwarsAPIClient.swift in Sources */,
				FB0947522311EE4C00E1E5AC /* Planet.swift in Sources */,
			);
			runOnlyForDeploymentPostprocessing = 0;
		};
/* End PBXSourcesBuildPhase section */

/* Begin PBXVariantGroup section */
		FB09473E2311E06200E1E5AC /* Main.storyboard */ = {
			isa = PBXVariantGroup;
			children = (
				FB09473F2311E06200E1E5AC /* Base */,
			);
			name = Main.storyboard;
			sourceTree = "<group>";
		};
		FB0947432311E06300E1E5AC /* LaunchScreen.storyboard */ = {
			isa = PBXVariantGroup;
			children = (
				FB0947442311E06300E1E5AC /* Base */,
			);
			name = LaunchScreen.storyboard;
			sourceTree = "<group>";
		};
/* End PBXVariantGroup section */

/* Begin XCBuildConfiguration section */
		FB0947472311E06300E1E5AC /* Debug */ = {
			isa = XCBuildConfiguration;
			buildSettings = {
				ALWAYS_SEARCH_USER_PATHS = NO;
				CLANG_ANALYZER_NONNULL = YES;
				CLANG_ANALYZER_NUMBER_OBJECT_CONVERSION = YES_AGGRESSIVE;
				CLANG_CXX_LANGUAGE_STANDARD = "gnu++14";
				CLANG_CXX_LIBRARY = "libc++";
				CLANG_ENABLE_MODULES = YES;
				CLANG_ENABLE_OBJC_ARC = YES;
				CLANG_ENABLE_OBJC_WEAK = YES;
				CLANG_WARN_BLOCK_CAPTURE_AUTORELEASING = YES;
				CLANG_WARN_BOOL_CONVERSION = YES;
				CLANG_WARN_COMMA = YES;
				CLANG_WARN_CONSTANT_CONVERSION = YES;
				CLANG_WARN_DEPRECATED_OBJC_IMPLEMENTATIONS = YES;
				CLANG_WARN_DIRECT_OBJC_ISA_USAGE = YES_ERROR;
				CLANG_WARN_DOCUMENTATION_COMMENTS = YES;
				CLANG_WARN_EMPTY_BODY = YES;
				CLANG_WARN_ENUM_CONVERSION = YES;
				CLANG_WARN_INFINITE_RECURSION = YES;
				CLANG_WARN_INT_CONVERSION = YES;
				CLANG_WARN_NON_LITERAL_NULL_CONVERSION = YES;
				CLANG_WARN_OBJC_IMPLICIT_RETAIN_SELF = YES;
				CLANG_WARN_OBJC_LITERAL_CONVERSION = YES;
				CLANG_WARN_OBJC_ROOT_CLASS = YES_ERROR;
				CLANG_WARN_RANGE_LOOP_ANALYSIS = YES;
				CLANG_WARN_STRICT_PROTOTYPES = YES;
				CLANG_WARN_SUSPICIOUS_MOVE = YES;
				CLANG_WARN_UNGUARDED_AVAILABILITY = YES_AGGRESSIVE;
				CLANG_WARN_UNREACHABLE_CODE = YES;
				CLANG_WARN__DUPLICATE_METHOD_MATCH = YES;
				CODE_SIGN_IDENTITY = "iPhone Developer";
				COPY_PHASE_STRIP = NO;
				DEBUG_INFORMATION_FORMAT = dwarf;
				ENABLE_STRICT_OBJC_MSGSEND = YES;
				ENABLE_TESTABILITY = YES;
				GCC_C_LANGUAGE_STANDARD = gnu11;
				GCC_DYNAMIC_NO_PIC = NO;
				GCC_NO_COMMON_BLOCKS = YES;
				GCC_OPTIMIZATION_LEVEL = 0;
				GCC_PREPROCESSOR_DEFINITIONS = (
					"DEBUG=1",
					"$(inherited)",
				);
				GCC_WARN_64_TO_32_BIT_CONVERSION = YES;
				GCC_WARN_ABOUT_RETURN_TYPE = YES_ERROR;
				GCC_WARN_UNDECLARED_SELECTOR = YES;
				GCC_WARN_UNINITIALIZED_AUTOS = YES_AGGRESSIVE;
				GCC_WARN_UNUSED_FUNCTION = YES;
				GCC_WARN_UNUSED_VARIABLE = YES;
				IPHONEOS_DEPLOYMENT_TARGET = 12.4;
				MTL_ENABLE_DEBUG_INFO = INCLUDE_SOURCE;
				MTL_FAST_MATH = YES;
				ONLY_ACTIVE_ARCH = YES;
				SDKROOT = iphoneos;
				SWIFT_ACTIVE_COMPILATION_CONDITIONS = DEBUG;
				SWIFT_OPTIMIZATION_LEVEL = "-Onone";
			};
			name = Debug;
		};
		FB0947482311E06300E1E5AC /* Release */ = {
			isa = XCBuildConfiguration;
			buildSettings = {
				ALWAYS_SEARCH_USER_PATHS = NO;
				CLANG_ANALYZER_NONNULL = YES;
				CLANG_ANALYZER_NUMBER_OBJECT_CONVERSION = YES_AGGRESSIVE;
				CLANG_CXX_LANGUAGE_STANDARD = "gnu++14";
				CLANG_CXX_LIBRARY = "libc++";
				CLANG_ENABLE_MODULES = YES;
				CLANG_ENABLE_OBJC_ARC = YES;
				CLANG_ENABLE_OBJC_WEAK = YES;
				CLANG_WARN_BLOCK_CAPTURE_AUTORELEASING = YES;
				CLANG_WARN_BOOL_CONVERSION = YES;
				CLANG_WARN_COMMA = YES;
				CLANG_WARN_CONSTANT_CONVERSION = YES;
				CLANG_WARN_DEPRECATED_OBJC_IMPLEMENTATIONS = YES;
				CLANG_WARN_DIRECT_OBJC_ISA_USAGE = YES_ERROR;
				CLANG_WARN_DOCUMENTATION_COMMENTS = YES;
				CLANG_WARN_EMPTY_BODY = YES;
				CLANG_WARN_ENUM_CONVERSION = YES;
				CLANG_WARN_INFINITE_RECURSION = YES;
				CLANG_WARN_INT_CONVERSION = YES;
				CLANG_WARN_NON_LITERAL_NULL_CONVERSION = YES;
				CLANG_WARN_OBJC_IMPLICIT_RETAIN_SELF = YES;
				CLANG_WARN_OBJC_LITERAL_CONVERSION = YES;
				CLANG_WARN_OBJC_ROOT_CLASS = YES_ERROR;
				CLANG_WARN_RANGE_LOOP_ANALYSIS = YES;
				CLANG_WARN_STRICT_PROTOTYPES = YES;
				CLANG_WARN_SUSPICIOUS_MOVE = YES;
				CLANG_WARN_UNGUARDED_AVAILABILITY = YES_AGGRESSIVE;
				CLANG_WARN_UNREACHABLE_CODE = YES;
				CLANG_WARN__DUPLICATE_METHOD_MATCH = YES;
				CODE_SIGN_IDENTITY = "iPhone Developer";
				COPY_PHASE_STRIP = NO;
				DEBUG_INFORMATION_FORMAT = "dwarf-with-dsym";
				ENABLE_NS_ASSERTIONS = NO;
				ENABLE_STRICT_OBJC_MSGSEND = YES;
				GCC_C_LANGUAGE_STANDARD = gnu11;
				GCC_NO_COMMON_BLOCKS = YES;
				GCC_WARN_64_TO_32_BIT_CONVERSION = YES;
				GCC_WARN_ABOUT_RETURN_TYPE = YES_ERROR;
				GCC_WARN_UNDECLARED_SELECTOR = YES;
				GCC_WARN_UNINITIALIZED_AUTOS = YES_AGGRESSIVE;
				GCC_WARN_UNUSED_FUNCTION = YES;
				GCC_WARN_UNUSED_VARIABLE = YES;
				IPHONEOS_DEPLOYMENT_TARGET = 12.4;
				MTL_ENABLE_DEBUG_INFO = NO;
				MTL_FAST_MATH = YES;
				SDKROOT = iphoneos;
				SWIFT_COMPILATION_MODE = wholemodule;
				SWIFT_OPTIMIZATION_LEVEL = "-O";
				VALIDATE_PRODUCT = YES;
			};
			name = Release;
		};
		FB09474A2311E06300E1E5AC /* Debug */ = {
			isa = XCBuildConfiguration;
			buildSettings = {
				ASSETCATALOG_COMPILER_APPICON_NAME = AppIcon;
				CODE_SIGN_STYLE = Automatic;
				DEVELOPMENT_TEAM = 7CJ2GPQHZ8;
				INFOPLIST_FILE = "StarwarsAPI-TD-6/Info.plist";
				LD_RUNPATH_SEARCH_PATHS = (
					"$(inherited)",
					"@executable_path/Frameworks",
				);
				PRODUCT_BUNDLE_IDENTIFIER = "com.andrewcgraves.StarwarsAPI-TD-6";
				PRODUCT_NAME = "$(TARGET_NAME)";
				SWIFT_VERSION = 5.0;
				TARGETED_DEVICE_FAMILY = "1,2";
			};
			name = Debug;
		};
		FB09474B2311E06300E1E5AC /* Release */ = {
			isa = XCBuildConfiguration;
			buildSettings = {
				ASSETCATALOG_COMPILER_APPICON_NAME = AppIcon;
				CODE_SIGN_STYLE = Automatic;
				DEVELOPMENT_TEAM = 7CJ2GPQHZ8;
				INFOPLIST_FILE = "StarwarsAPI-TD-6/Info.plist";
				LD_RUNPATH_SEARCH_PATHS = (
					"$(inherited)",
					"@executable_path/Frameworks",
				);
				PRODUCT_BUNDLE_IDENTIFIER = "com.andrewcgraves.StarwarsAPI-TD-6";
				PRODUCT_NAME = "$(TARGET_NAME)";
				SWIFT_VERSION = 5.0;
				TARGETED_DEVICE_FAMILY = "1,2";
			};
			name = Release;
		};
/* End XCBuildConfiguration section */

/* Begin XCConfigurationList section */
		FB0947322311E06200E1E5AC /* Build configuration list for PBXProject "StarwarsAPI-TD-6" */ = {
			isa = XCConfigurationList;
			buildConfigurations = (
				FB0947472311E06300E1E5AC /* Debug */,
				FB0947482311E06300E1E5AC /* Release */,
			);
			defaultConfigurationIsVisible = 0;
			defaultConfigurationName = Release;
		};
		FB0947492311E06300E1E5AC /* Build configuration list for PBXNativeTarget "StarwarsAPI-TD-6" */ = {
			isa = XCConfigurationList;
			buildConfigurations = (
				FB09474A2311E06300E1E5AC /* Debug */,
				FB09474B2311E06300E1E5AC /* Release */,
			);
			defaultConfigurationIsVisible = 0;
			defaultConfigurationName = Release;
		};
/* End XCConfigurationList section */
	};
	rootObject = FB09472F2311E06200E1E5AC /* Project object */;
}
